
Microsoft Visual Studio Solution File, Format Version 12.00
# Visual Studio 15
VisualStudioVersion = 15.0.28307.168
MinimumVisualStudioVersion = 10.0.40219.1
Project("{9A19103F-16F7-4668-BE54-9A1E7A4F7556}") = "RSAKeyGenerator", "RSAKeyGenerator.csproj", "{625625D3-03CA-4588-A4FF-1954E7EA7062}"
EndProject
Global
	GlobalSection(SolutionConfigurationPlatforms) = preSolution
		Debug|Any CPU = Debug|Any CPU
		Release|Any CPU = Release|Any CPU
	EndGlobalSection
	GlobalSection(ProjectConfigurationPlatforms) = postSolution
		{625625D3-03CA-4588-A4FF-1954E7EA7062}.Debug|Any CPU.ActiveCfg = Debug|Any CPU
		{625625D3-03CA-4588-A4FF-1954E7EA7062}.Debug|Any CPU.Build.0 = Debug|Any CPU
		{625625D3-03CA-4588-A4FF-1954E7EA7062}.Release|Any CPU.ActiveCfg = Release|Any CPU
		{625625D3-03CA-4588-A4FF-1954E7EA7062}.Release|Any CPU.Build.0 = Release|Any CPU
	EndGlobalSection
	GlobalSection(SolutionProperties) = preSolution
		HideSolutionNode = FALSE
	EndGlobalSection
	GlobalSection(ExtensibilityGlobals) = postSolution
		SolutionGuid = {46748903-0F28-45B5-9FF3-75BC3FC2DB15}
	EndGlobalSection
EndGlobal
